PODS:
  - ffmpeg_kit_flutter_new (1.0.0):
    - ffmpeg_kit_flutter_new/full-gpl (= 1.0.0)
    - Flutter
  - ffmpeg_kit_flutter_new/full-gpl (1.0.0):
    - Flutter
  - Flutter (1.0.0)
  - flutter_webrtc (0.14.0):
    - Flutter
    - WebRTC-SDK (= 125.6422.07)
  - gal (1.0.0):
    - Flutter
  - WebRTC-SDK (125.6422.07)

DEPENDENCIES:
  - ffmpeg_kit_flutter_new (from `.symlinks/plugins/ffmpeg_kit_flutter_new/ios`)
  - Flutter (from `Flutter`)
  - flutter_webrtc (from `.symlinks/plugins/flutter_webrtc/ios`)
  - gal (from `.symlinks/plugins/gal/ios`)

SPEC REPOS:
  trunk:
    - WebRTC-SDK

EXTERNAL SOURCES:
  ffmpeg_kit_flutter_new:
    :path: ".symlinks/plugins/ffmpeg_kit_flutter_new/ios"
  Flutter:
    :path: Flutter
  flutter_webrtc:
    :path: ".symlinks/plugins/flutter_webrtc/ios"
  gal:
    :path: ".symlinks/plugins/gal/ios"

SPEC CHECKSUMS:
  ffmpeg_kit_flutter_new: d6c4cd5009f6eb818e5899261dbae06f6e9c6c1b
  Flutter: cabc95a1d2626b1b06e7179b784ebcf0c0cde467
  flutter_webrtc: fd0d3bdef8766a0736dbbe2e5b7e85f1f3c52117
  gal: 29e711cd17bccb47f839d9b30afe9bc9750950b2
  WebRTC-SDK: dff00a3892bc570b6014e046297782084071657e

PODFILE CHECKSUM: afb642db1db5151840330d16b25e070d6da06962

COCOAPODS: 1.16.2
